// !$*UTF8*$!
{
	archiveVersion = 1;
	classes = {
	};
	objectVersion = 56;
	objects = {

/* Begin PBXBuildFile section */
		547BEF9029E5030D00435907 /* AppDelegate.swift in Sources */ = {isa = PBXBuildFile; fileRef = 547BEF8F29E5030D00435907 /* AppDelegate.swift */; };
		547BEF9229E5030D00435907 /* SceneDelegate.swift in Sources */ = {isa = PBXBuildFile; fileRef = 547BEF9129E5030D00435907 /* SceneDelegate.swift */; };
		547BEF9429E5030D00435907 /* ViewController.swift in Sources */ = {isa = PBXBuildFile; fileRef = 547BEF9329E5030D00435907 /* ViewController.swift */; };
		547BEF9729E5030D00435907 /* Main.storyboard in Resources */ = {isa = PBXBuildFile; fileRef = 547BEF9529E5030D00435907 /* Main.storyboard */; };
		547BEF9929E5030E00435907 /* Assets.xcassets in Resources */ = {isa = PBXBuildFile; fileRef = 547BEF9829E5030E00435907 /* Assets.xcassets */; };
		547BEF9C29E5030E00435907 /* LaunchScreen.storyboard in Resources */ = {isa = PBXBuildFile; fileRef = 547BEF9A29E5030E00435907 /* LaunchScreen.storyboard */; };
		547BEFA429E506DC00435907 /* GoogleService-Info.plist in Resources */ = {isa = PBXBuildFile; fileRef = 547BEFA329E506D900435907 /* GoogleService-Info.plist */; };
		547BEFA729E51BA800435907 /* StringUtilities.swift in Sources */ = {isa = PBXBuildFile; fileRef = 547BEFA629E51BA800435907 /* StringUtilities.swift */; };
		547BEFA929E51C4B00435907 /* KeychainService.swift in Sources */ = {isa = PBXBuildFile; fileRef = 547BEFA829E51C4B00435907 /* KeychainService.swift */; };
		547BEFAE29E5240700435907 /* HomeViewController.swift in Sources */ = {isa = PBXBuildFile; fileRef = 547BEFAD29E5240700435907 /* HomeViewController.swift */; };
		547BEFB029E5253F00435907 /* AddPictureViewController.swift in Sources */ = {isa = PBXBuildFile; fileRef = 547BEFAF29E5253F00435907 /* AddPictureViewController.swift */; };
		547BEFB229E5262600435907 /* ProfileViewController.swift in Sources */ = {isa = PBXBuildFile; fileRef = 547BEFB129E5262600435907 /* ProfileViewController.swift */; };
		547BEFB429E5265100435907 /* SearchViewController.swift in Sources */ = {isa = PBXBuildFile; fileRef = 547BEFB329E5265100435907 /* SearchViewController.swift */; };
		E9AB46FFBB4CAEBF3EFE2723 /* Pods_InstaPicture.framework in Frameworks */ = {isa = PBXBuildFile; fileRef = 92098E2A612E5244A98BAF57 /* Pods_InstaPicture.framework */; };
/* End PBXBuildFile section */

/* Begin PBXFileReference section */
		27407FA110582CC78A79A19C /* Pods-InstaPicture.release.xcconfig */ = {isa = PBXFileReference; includeInIndex = 1; lastKnownFileType = text.xcconfig; name = "Pods-InstaPicture.release.xcconfig"; path = "Target Support Files/Pods-InstaPicture/Pods-InstaPicture.release.xcconfig"; sourceTree = "<group>"; };
		547BEF8C29E5030D00435907 /* InstaPicture.app */ = {isa = PBXFileReference; explicitFileType = wrapper.application; includeInIndex = 0; path = InstaPicture.app; sourceTree = BUILT_PRODUCTS_DIR; };
		547BEF8F29E5030D00435907 /* AppDelegate.swift */ = {isa = PBXFileReference; lastKnownFileType = sourcecode.swift; path = AppDelegate.swift; sourceTree = "<group>"; };
		547BEF9129E5030D00435907 /* SceneDelegate.swift */ = {isa = PBXFileReference; lastKnownFileType = sourcecode.swift; path = SceneDelegate.swift; sourceTree = "<group>"; };
		547BEF9329E5030D00435907 /* ViewController.swift */ = {isa = PBXFileReference; lastKnownFileType = sourcecode.swift; path = ViewController.swift; sourceTree = "<group>"; };
		547BEF9629E5030D00435907 /* Base */ = {isa = PBXFileReference; lastKnownFileType = file.storyboard; name = Base; path = Base.lproj/Main.storyboard; sourceTree = "<group>"; };
		547BEF9829E5030E00435907 /* Assets.xcassets */ = {isa = PBXFileReference; lastKnownFileType = folder.assetcatalog; path = Assets.xcassets; sourceTree = "<group>"; };
		547BEF9B29E5030E00435907 /* Base */ = {isa = PBXFileReference; lastKnownFileType = file.storyboard; name = Base; path = Base.lproj/LaunchScreen.storyboard; sourceTree = "<group>"; };
		547BEF9D29E5030E00435907 /* Info.plist */ = {isa = PBXFileReference; lastKnownFileType = text.plist.xml; path = Info.plist; sourceTree = "<group>"; };
		547BEFA329E506D900435907 /* GoogleService-Info.plist */ = {isa = PBXFileReference; lastKnownFileType = text.plist.xml; path = "GoogleService-Info.plist"; sourceTree = "<group>"; };
		547BEFA629E51BA800435907 /* StringUtilities.swift */ = {isa = PBXFileReference; lastKnownFileType = sourcecode.swift; path = StringUtilities.swift; sourceTree = "<group>"; };
		547BEFA829E51C4B00435907 /* KeychainService.swift */ = {isa = PBXFileReference; lastKnownFileType = sourcecode.swift; path = KeychainService.swift; sourceTree = "<group>"; };
		547BEFAD29E5240700435907 /* HomeViewController.swift */ = {isa = PBXFileReference; lastKnownFileType = sourcecode.swift; path = HomeViewController.swift; sourceTree = "<group>"; };
		547BEFAF29E5253F00435907 /* AddPictureViewController.swift */ = {isa = PBXFileReference; lastKnownFileType = sourcecode.swift; path = AddPictureViewController.swift; sourceTree = "<group>"; };
		547BEFB129E5262600435907 /* ProfileViewController.swift */ = {isa = PBXFileReference; lastKnownFileType = sourcecode.swift; path = ProfileViewController.swift; sourceTree = "<group>"; };
		547BEFB329E5265100435907 /* SearchViewController.swift */ = {isa = PBXFileReference; lastKnownFileType = sourcecode.swift; path = SearchViewController.swift; sourceTree = "<group>"; };
		92098E2A612E5244A98BAF57 /* Pods_InstaPicture.framework */ = {isa = PBXFileReference; explicitFileType = wrapper.framework; includeInIndex = 0; path = Pods_InstaPicture.framework; sourceTree = BUILT_PRODUCTS_DIR; };
		D5135DA26CC706B086432EFF /* Pods-InstaPicture.debug.xcconfig */ = {isa = PBXFileReference; includeInIndex = 1; lastKnownFileType = text.xcconfig; name = "Pods-InstaPicture.debug.xcconfig"; path = "Target Support Files/Pods-InstaPicture/Pods-InstaPicture.debug.xcconfig"; sourceTree = "<group>"; };
/* End PBXFileReference section */

/* Begin PBXFrameworksBuildPhase section */
		547BEF8929E5030D00435907 /* Frameworks */ = {
			isa = PBXFrameworksBuildPhase;
			buildActionMask = 2147483647;
			files = (
				E9AB46FFBB4CAEBF3EFE2723 /* Pods_InstaPicture.framework in Frameworks */,
			);
			runOnlyForDeploymentPostprocessing = 0;
		};
/* End PBXFrameworksBuildPhase section */

/* Begin PBXGroup section */
		547BEF8329E5030D00435907 = {
			isa = PBXGroup;
			children = (
				547BEF8E29E5030D00435907 /* InstaPicture */,
				547BEF8D29E5030D00435907 /* Products */,
				FC55623A2447F985AD8BD7E1 /* Pods */,
				58425A70E17904345A76A6E8 /* Frameworks */,
			);
			sourceTree = "<group>";
		};
		547BEF8D29E5030D00435907 /* Products */ = {
			isa = PBXGroup;
			children = (
				547BEF8C29E5030D00435907 /* InstaPicture.app */,
			);
			name = Products;
			sourceTree = "<group>";
		};
		547BEF8E29E5030D00435907 /* InstaPicture */ = {
			isa = PBXGroup;
			children = (
				547BEFAC29E51FC400435907 /* View */,
				547BEFAB29E51FB000435907 /* Model */,
				547BEFAA29E51D4E00435907 /* Controller */,
				547BEFA529E51B8600435907 /* Utils */,
				547BEF8F29E5030D00435907 /* AppDelegate.swift */,
				547BEF9129E5030D00435907 /* SceneDelegate.swift */,
				547BEF9829E5030E00435907 /* Assets.xcassets */,
				547BEF9A29E5030E00435907 /* LaunchScreen.storyboard */,
				547BEF9D29E5030E00435907 /* Info.plist */,
				547BEFA329E506D900435907 /* GoogleService-Info.plist */,
			);
			path = InstaPicture;
			sourceTree = "<group>";
		};
		547BEFA529E51B8600435907 /* Utils */ = {
			isa = PBXGroup;
			children = (
				547BEFA629E51BA800435907 /* StringUtilities.swift */,
				547BEFA829E51C4B00435907 /* KeychainService.swift */,
			);
			path = Utils;
			sourceTree = "<group>";
		};
		547BEFAA29E51D4E00435907 /* Controller */ = {
			isa = PBXGroup;
			children = (
				547BEF9329E5030D00435907 /* ViewController.swift */,
				547BEFAD29E5240700435907 /* HomeViewController.swift */,
				547BEFAF29E5253F00435907 /* AddPictureViewController.swift */,
				547BEFB129E5262600435907 /* ProfileViewController.swift */,
				547BEFB329E5265100435907 /* SearchViewController.swift */,
			);
			path = Controller;
			sourceTree = "<group>";
		};
		547BEFAB29E51FB000435907 /* Model */ = {
			isa = PBXGroup;
			children = (
			);
			path = Model;
			sourceTree = "<group>";
		};
		547BEFAC29E51FC400435907 /* View */ = {
			isa = PBXGroup;
			children = (
				547BEF9529E5030D00435907 /* Main.storyboard */,
			);
			path = View;
			sourceTree = "<group>";
		};
		58425A70E17904345A76A6E8 /* Frameworks */ = {
			isa = PBXGroup;
			children = (
				92098E2A612E5244A98BAF57 /* Pods_InstaPicture.framework */,
			);
			name = Frameworks;
			sourceTree = "<group>";
		};
		FC55623A2447F985AD8BD7E1 /* Pods */ = {
			isa = PBXGroup;
			children = (
				D5135DA26CC706B086432EFF /* Pods-InstaPicture.debug.xcconfig */,
				27407FA110582CC78A79A19C /* Pods-InstaPicture.release.xcconfig */,
			);
			path = Pods;
			sourceTree = "<group>";
		};
/* End PBXGroup section */

/* Begin PBXNativeTarget section */
		547BEF8B29E5030D00435907 /* InstaPicture */ = {
			isa = PBXNativeTarget;
			buildConfigurationList = 547BEFA029E5030E00435907 /* Build configuration list for PBXNativeTarget "InstaPicture" */;
			buildPhases = (
				E765D435E6EA4BCED36417B2 /* [CP] Check Pods Manifest.lock */,
				547BEF8829E5030D00435907 /* Sources */,
				547BEF8929E5030D00435907 /* Frameworks */,
				547BEF8A29E5030D00435907 /* Resources */,
				232BCFC548EC81D3E56E6DBA /* [CP] Embed Pods Frameworks */,
			);
			buildRules = (
			);
			dependencies = (
			);
			name = InstaPicture;
			productName = InstaPicture;
			productReference = 547BEF8C29E5030D00435907 /* InstaPicture.app */;
			productType = "com.apple.product-type.application";
		};
/* End PBXNativeTarget section */

/* Begin PBXProject section */
		547BEF8429E5030D00435907 /* Project object */ = {
			isa = PBXProject;
			attributes = {
				BuildIndependentTargetsInParallel = 1;
				LastSwiftUpdateCheck = 1420;
				LastUpgradeCheck = 1420;
				TargetAttributes = {
					547BEF8B29E5030D00435907 = {
						CreatedOnToolsVersion = 14.2;
					};
				};
			};
			buildConfigurationList = 547BEF8729E5030D00435907 /* Build configuration list for PBXProject "InstaPicture" */;
			compatibilityVersion = "Xcode 14.0";
			developmentRegion = en;
			hasScannedForEncodings = 0;
			knownRegions = (
				en,
				Base,
			);
			mainGroup = 547BEF8329E5030D00435907;
			productRefGroup = 547BEF8D29E5030D00435907 /* Products */;
			projectDirPath = "";
			projectRoot = "";
			targets = (
				547BEF8B29E5030D00435907 /* InstaPicture */,
			);
		};
/* End PBXProject section */

/* Begin PBXResourcesBuildPhase section */
		547BEF8A29E5030D00435907 /* Resources */ = {
			isa = PBXResourcesBuildPhase;
			buildActionMask = 2147483647;
			files = (
				547BEF9C29E5030E00435907 /* LaunchScreen.storyboard in Resources */,
				547BEFA429E506DC00435907 /* GoogleService-Info.plist in Resources */,
				547BEF9929E5030E00435907 /* Assets.xcassets in Resources */,
				547BEF9729E5030D00435907 /* Main.storyboard in Resources */,
			);
			runOnlyForDeploymentPostprocessing = 0;
		};
/* End PBXResourcesBuildPhase section */

/* Begin PBXShellScriptBuildPhase section */
		232BCFC548EC81D3E56E6DBA /* [CP] Embed Pods Frameworks */ = {
			isa = PBXShellScriptBuildPhase;
			buildActionMask = 2147483647;
			files = (
			);
			inputFileListPaths = (
				"${PODS_ROOT}/Target Support Files/Pods-InstaPicture/Pods-InstaPicture-frameworks-${CONFIGURATION}-input-files.xcfilelist",
			);
			name = "[CP] Embed Pods Frameworks";
			outputFileListPaths = (
				"${PODS_ROOT}/Target Support Files/Pods-InstaPicture/Pods-InstaPicture-frameworks-${CONFIGURATION}-output-files.xcfilelist",
			);
			runOnlyForDeploymentPostprocessing = 0;
			shellPath = /bin/sh;
			shellScript = "\"${PODS_ROOT}/Target Support Files/Pods-InstaPicture/Pods-InstaPicture-frameworks.sh\"\n";
			showEnvVarsInLog = 0;
		};
		E765D435E6EA4BCED36417B2 /* [CP] Check Pods Manifest.lock */ = {
			isa = PBXShellScriptBuildPhase;
			buildActionMask = 2147483647;
			files = (
			);
			inputFileListPaths = (
			);
			inputPaths = (
				"${PODS_PODFILE_DIR_PATH}/Podfile.lock",
				"${PODS_ROOT}/Manifest.lock",
			);
			name = "[CP] Check Pods Manifest.lock";
			outputFileListPaths = (
			);
			outputPaths = (
				"$(DERIVED_FILE_DIR)/Pods-InstaPicture-checkManifestLockResult.txt",
			);
			runOnlyForDeploymentPostprocessing = 0;
			shellPath = /bin/sh;
			shellScript = "diff \"${PODS_PODFILE_DIR_PATH}/Podfile.lock\" \"${PODS_ROOT}/Manifest.lock\" > /dev/null\nif [ $? != 0 ] ; then\n    # print error to STDERR\n    echo \"error: The sandbox is not in sync with the Podfile.lock. Run 'pod install' or update your CocoaPods installation.\" >&2\n    exit 1\nfi\n# This output is used by Xcode 'outputs' to avoid re-running this script phase.\necho \"SUCCESS\" > \"${SCRIPT_OUTPUT_FILE_0}\"\n";
			showEnvVarsInLog = 0;
		};
/* End PBXShellScriptBuildPhase section */

/* Begin PBXSourcesBuildPhase section */
		547BEF8829E5030D00435907 /* Sources */ = {
			isa = PBXSourcesBuildPhase;
			buildActionMask = 2147483647;
			files = (
				547BEF9429E5030D00435907 /* ViewController.swift in Sources */,
				547BEFB029E5253F00435907 /* AddPictureViewController.swift in Sources */,
				547BEF9029E5030D00435907 /* AppDelegate.swift in Sources */,
				547BEFB429E5265100435907 /* SearchViewController.swift in Sources */,
				547BEF9229E5030D00435907 /* SceneDelegate.swift in Sources */,
				547BEFA929E51C4B00435907 /* KeychainService.swift in Sources */,
				547BEFA729E51BA800435907 /* StringUtilities.swift in Sources */,
				547BEFB229E5262600435907 /* ProfileViewController.swift in Sources */,
				547BEFAE29E5240700435907 /* HomeViewController.swift in Sources */,
			);
			runOnlyForDeploymentPostprocessing = 0;
		};
/* End PBXSourcesBuildPhase section */

/* Begin PBXVariantGroup section */
		547BEF9529E5030D00435907 /* Main.storyboard */ = {
			isa = PBXVariantGroup;
			children = (
				547BEF9629E5030D00435907 /* Base */,
			);
			name = Main.storyboard;
			sourceTree = "<group>";
		};
		547BEF9A29E5030E00435907 /* LaunchScreen.storyboard */ = {
			isa = PBXVariantGroup;
			children = (
				547BEF9B29E5030E00435907 /* Base */,
			);
			name = LaunchScreen.storyboard;
			sourceTree = "<group>";
		};
/* End PBXVariantGroup section */

/* Begin XCBuildConfiguration section */
		547BEF9E29E5030E00435907 /* Debug */ = {
			isa = XCBuildConfiguration;
			buildSettings = {
				ALWAYS_SEARCH_USER_PATHS = NO;
				CLANG_ANALYZER_NONNULL = YES;
				CLANG_ANALYZER_NUMBER_OBJECT_CONVERSION = YES_AGGRESSIVE;
				CLANG_CXX_LANGUAGE_STANDARD = "gnu++20";
				CLANG_ENABLE_MODULES = YES;
				CLANG_ENABLE_OBJC_ARC = YES;
				CLANG_ENABLE_OBJC_WEAK = YES;
				CLANG_WARN_BLOCK_CAPTURE_AUTORELEASING = YES;
				CLANG_WARN_BOOL_CONVERSION = YES;
				CLANG_WARN_COMMA = YES;
				CLANG_WARN_CONSTANT_CONVERSION = YES;
				CLANG_WARN_DEPRECATED_OBJC_IMPLEMENTATIONS = YES;
				CLANG_WARN_DIRECT_OBJC_ISA_USAGE = YES_ERROR;
				CLANG_WARN_DOCUMENTATION_COMMENTS = YES;
				CLANG_WARN_EMPTY_BODY = YES;
				CLANG_WARN_ENUM_CONVERSION = YES;
				CLANG_WARN_INFINITE_RECURSION = YES;
				CLANG_WARN_INT_CONVERSION = YES;
				CLANG_WARN_NON_LITERAL_NULL_CONVERSION = YES;
				CLANG_WARN_OBJC_IMPLICIT_RETAIN_SELF = YES;
				CLANG_WARN_OBJC_LITERAL_CONVERSION = YES;
				CLANG_WARN_OBJC_ROOT_CLASS = YES_ERROR;
				CLANG_WARN_QUOTED_INCLUDE_IN_FRAMEWORK_HEADER = YES;
				CLANG_WARN_RANGE_LOOP_ANALYSIS = YES;
				CLANG_WARN_STRICT_PROTOTYPES = YES;
				CLANG_WARN_SUSPICIOUS_MOVE = YES;
				CLANG_WARN_UNGUARDED_AVAILABILITY = YES_AGGRESSIVE;
				CLANG_WARN_UNREACHABLE_CODE = YES;
				CLANG_WARN__DUPLICATE_METHOD_MATCH = YES;
				COPY_PHASE_STRIP = NO;
				DEBUG_INFORMATION_FORMAT = dwarf;
				ENABLE_STRICT_OBJC_MSGSEND = YES;
				ENABLE_TESTABILITY = YES;
				GCC_C_LANGUAGE_STANDARD = gnu11;
				GCC_DYNAMIC_NO_PIC = NO;
				GCC_NO_COMMON_BLOCKS = YES;
				GCC_OPTIMIZATION_LEVEL = 0;
				GCC_PREPROCESSOR_DEFINITIONS = (
					"DEBUG=1",
					"$(inherited)",
				);
				GCC_WARN_64_TO_32_BIT_CONVERSION = YES;
				GCC_WARN_ABOUT_RETURN_TYPE = YES_ERROR;
				GCC_WARN_UNDECLARED_SELECTOR = YES;
				GCC_WARN_UNINITIALIZED_AUTOS = YES_AGGRESSIVE;
				GCC_WARN_UNUSED_FUNCTION = YES;
				GCC_WARN_UNUSED_VARIABLE = YES;
				IPHONEOS_DEPLOYMENT_TARGET = 16.2;
				MTL_ENABLE_DEBUG_INFO = INCLUDE_SOURCE;
				MTL_FAST_MATH = YES;
				ONLY_ACTIVE_ARCH = YES;
				SDKROOT = iphoneos;
				SWIFT_ACTIVE_COMPILATION_CONDITIONS = DEBUG;
				SWIFT_OPTIMIZATION_LEVEL = "-Onone";
			};
			name = Debug;
		};
		547BEF9F29E5030E00435907 /* Release */ = {
			isa = XCBuildConfiguration;
			buildSettings = {
				ALWAYS_SEARCH_USER_PATHS = NO;
				CLANG_ANALYZER_NONNULL = YES;
				CLANG_ANALYZER_NUMBER_OBJECT_CONVERSION = YES_AGGRESSIVE;
				CLANG_CXX_LANGUAGE_STANDARD = "gnu++20";
				CLANG_ENABLE_MODULES = YES;
				CLANG_ENABLE_OBJC_ARC = YES;
				CLANG_ENABLE_OBJC_WEAK = YES;
				CLANG_WARN_BLOCK_CAPTURE_AUTORELEASING = YES;
				CLANG_WARN_BOOL_CONVERSION = YES;
				CLANG_WARN_COMMA = YES;
				CLANG_WARN_CONSTANT_CONVERSION = YES;
				CLANG_WARN_DEPRECATED_OBJC_IMPLEMENTATIONS = YES;
				CLANG_WARN_DIRECT_OBJC_ISA_USAGE = YES_ERROR;
				CLANG_WARN_DOCUMENTATION_COMMENTS = YES;
				CLANG_WARN_EMPTY_BODY = YES;
				CLANG_WARN_ENUM_CONVERSION = YES;
				CLANG_WARN_INFINITE_RECURSION = YES;
				CLANG_WARN_INT_CONVERSION = YES;
				CLANG_WARN_NON_LITERAL_NULL_CONVERSION = YES;
				CLANG_WARN_OBJC_IMPLICIT_RETAIN_SELF = YES;
				CLANG_WARN_OBJC_LITERAL_CONVERSION = YES;
				CLANG_WARN_OBJC_ROOT_CLASS = YES_ERROR;
				CLANG_WARN_QUOTED_INCLUDE_IN_FRAMEWORK_HEADER = YES;
				CLANG_WARN_RANGE_LOOP_ANALYSIS = YES;
				CLANG_WARN_STRICT_PROTOTYPES = YES;
				CLANG_WARN_SUSPICIOUS_MOVE = YES;
				CLANG_WARN_UNGUARDED_AVAILABILITY = YES_AGGRESSIVE;
				CLANG_WARN_UNREACHABLE_CODE = YES;
				CLANG_WARN__DUPLICATE_METHOD_MATCH = YES;
				COPY_PHASE_STRIP = NO;
				DEBUG_INFORMATION_FORMAT = "dwarf-with-dsym";
				ENABLE_NS_ASSERTIONS = NO;
				ENABLE_STRICT_OBJC_MSGSEND = YES;
				GCC_C_LANGUAGE_STANDARD = gnu11;
				GCC_NO_COMMON_BLOCKS = YES;
				GCC_WARN_64_TO_32_BIT_CONVERSION = YES;
				GCC_WARN_ABOUT_RETURN_TYPE = YES_ERROR;
				GCC_WARN_UNDECLARED_SELECTOR = YES;
				GCC_WARN_UNINITIALIZED_AUTOS = YES_AGGRESSIVE;
				GCC_WARN_UNUSED_FUNCTION = YES;
				GCC_WARN_UNUSED_VARIABLE = YES;
				IPHONEOS_DEPLOYMENT_TARGET = 16.2;
				MTL_ENABLE_DEBUG_INFO = NO;
				MTL_FAST_MATH = YES;
				SDKROOT = iphoneos;
				SWIFT_COMPILATION_MODE = wholemodule;
				SWIFT_OPTIMIZATION_LEVEL = "-O";
				VALIDATE_PRODUCT = YES;
			};
			name = Release;
		};
		547BEFA129E5030E00435907 /* Debug */ = {
			isa = XCBuildConfiguration;
			baseConfigurationReference = D5135DA26CC706B086432EFF /* Pods-InstaPicture.debug.xcconfig */;
			buildSettings = {
				ASSETCATALOG_COMPILER_APPICON_NAME = AppIcon;
				ASSETCATALOG_COMPILER_GLOBAL_ACCENT_COLOR_NAME = AccentColor;
				CODE_SIGN_STYLE = Automatic;
				CURRENT_PROJECT_VERSION = 1;
				GENERATE_INFOPLIST_FILE = YES;
				INFOPLIST_FILE = InstaPicture/Info.plist;
				INFOPLIST_KEY_UIApplicationSupportsIndirectInputEvents = YES;
				INFOPLIST_KEY_UILaunchStoryboardName = LaunchScreen;
				INFOPLIST_KEY_UIMainStoryboardFile = Main;
				INFOPLIST_KEY_UISupportedInterfaceOrientations_iPad = "UIInterfaceOrientationPortrait UIInterfaceOrientationPortraitUpsideDown UIInterfaceOrientationLandscapeLeft UIInterfaceOrientationLandscapeRight";
				INFOPLIST_KEY_UISupportedInterfaceOrientations_iPhone = "UIInterfaceOrientationPortrait UIInterfaceOrientationLandscapeLeft UIInterfaceOrientationLandscapeRight";
				LD_RUNPATH_SEARCH_PATHS = (
					"$(inherited)",
					"@executable_path/Frameworks",
				);
				MARKETING_VERSION = 1.0;
				PRODUCT_BUNDLE_IDENTIFIER = edu.northeastern.qianli.InstaPicture;
				PRODUCT_NAME = "$(TARGET_NAME)";
				SWIFT_EMIT_LOC_STRINGS = YES;
				SWIFT_VERSION = 5.0;
				TARGETED_DEVICE_FAMILY = "1,2";
			};
			name = Debug;
		};
		547BEFA229E5030E00435907 /* Release */ = {
			isa = XCBuildConfiguration;
			baseConfigurationReference = 27407FA110582CC78A79A19C /* Pods-InstaPicture.release.xcconfig */;
			buildSettings = {
				ASSETCATALOG_COMPILER_APPICON_NAME = AppIcon;
				ASSETCATALOG_COMPILER_GLOBAL_ACCENT_COLOR_NAME = AccentColor;
				CODE_SIGN_STYLE = Automatic;
				CURRENT_PROJECT_VERSION = 1;
				GENERATE_INFOPLIST_FILE = YES;
				INFOPLIST_FILE = InstaPicture/Info.plist;
				INFOPLIST_KEY_UIApplicationSupportsIndirectInputEvents = YES;
				INFOPLIST_KEY_UILaunchStoryboardName = LaunchScreen;
				INFOPLIST_KEY_UIMainStoryboardFile = Main;
				INFOPLIST_KEY_UISupportedInterfaceOrientations_iPad = "UIInterfaceOrientationPortrait UIInterfaceOrientationPortraitUpsideDown UIInterfaceOrientationLandscapeLeft UIInterfaceOrientationLandscapeRight";
				INFOPLIST_KEY_UISupportedInterfaceOrientations_iPhone = "UIInterfaceOrientationPortrait UIInterfaceOrientationLandscapeLeft UIInterfaceOrientationLandscapeRight";
				LD_RUNPATH_SEARCH_PATHS = (
					"$(inherited)",
					"@executable_path/Frameworks",
				);
				MARKETING_VERSION = 1.0;
				PRODUCT_BUNDLE_IDENTIFIER = edu.northeastern.qianli.InstaPicture;
				PRODUCT_NAME = "$(TARGET_NAME)";
				SWIFT_EMIT_LOC_STRINGS = YES;
				SWIFT_VERSION = 5.0;
				TARGETED_DEVICE_FAMILY = "1,2";
			};
			name = Release;
		};
/* End XCBuildConfiguration section */

/* Begin XCConfigurationList section */
		547BEF8729E5030D00435907 /* Build configuration list for PBXProject "InstaPicture" */ = {
			isa = XCConfigurationList;
			buildConfigurations = (
				547BEF9E29E5030E00435907 /* Debug */,
				547BEF9F29E5030E00435907 /* Release */,
			);
			defaultConfigurationIsVisible = 0;
			defaultConfigurationName = Release;
		};
		547BEFA029E5030E00435907 /* Build configuration list for PBXNativeTarget "InstaPicture" */ = {
			isa = XCConfigurationList;
			buildConfigurations = (
				547BEFA129E5030E00435907 /* Debug */,
				547BEFA229E5030E00435907 /* Release */,
			);
			defaultConfigurationIsVisible = 0;
			defaultConfigurationName = Release;
		};
/* End XCConfigurationList section */
	};
	rootObject = 547BEF8429E5030D00435907 /* Project object */;
}
