// !$*UTF8*$!
{
	archiveVersion = 1;
	classes = {
	};
	objectVersion = 56;
	objects = {

/* Begin PBXBuildFile section */
		3170557C4315638BA55D2C2F /* Pods_MidtermAPICall.framework in Frameworks */ = {isa = PBXBuildFile; fileRef = 0AC79BB2C8E0F022F1644F67 /* Pods_MidtermAPICall.framework */; };
		542DDFDD29C66421006C7801 /* AppDelegate.swift in Sources */ = {isa = PBXBuildFile; fileRef = 542DDFDC29C66421006C7801 /* AppDelegate.swift */; };
		542DDFDF29C66421006C7801 /* SceneDelegate.swift in Sources */ = {isa = PBXBuildFile; fileRef = 542DDFDE29C66421006C7801 /* SceneDelegate.swift */; };
		542DDFE129C66421006C7801 /* ViewController.swift in Sources */ = {isa = PBXBuildFile; fileRef = 542DDFE029C66421006C7801 /* ViewController.swift */; };
		542DDFE429C66421006C7801 /* Main.storyboard in Resources */ = {isa = PBXBuildFile; fileRef = 542DDFE229C66421006C7801 /* Main.storyboard */; };
		542DDFE629C66422006C7801 /* Assets.xcassets in Resources */ = {isa = PBXBuildFile; fileRef = 542DDFE529C66422006C7801 /* Assets.xcassets */; };
		542DDFE929C66422006C7801 /* LaunchScreen.storyboard in Resources */ = {isa = PBXBuildFile; fileRef = 542DDFE729C66422006C7801 /* LaunchScreen.storyboard */; };
		542DDFF429C678A9006C7801 /* Constants.swift in Sources */ = {isa = PBXBuildFile; fileRef = 542DDFF329C678A9006C7801 /* Constants.swift */; };
/* End PBXBuildFile section */

/* Begin PBXFileReference section */
		0AC79BB2C8E0F022F1644F67 /* Pods_MidtermAPICall.framework */ = {isa = PBXFileReference; explicitFileType = wrapper.framework; includeInIndex = 0; path = Pods_MidtermAPICall.framework; sourceTree = BUILT_PRODUCTS_DIR; };
		542DDFD929C66421006C7801 /* MidtermAPICall.app */ = {isa = PBXFileReference; explicitFileType = wrapper.application; includeInIndex = 0; path = MidtermAPICall.app; sourceTree = BUILT_PRODUCTS_DIR; };
		542DDFDC29C66421006C7801 /* AppDelegate.swift */ = {isa = PBXFileReference; lastKnownFileType = sourcecode.swift; path = AppDelegate.swift; sourceTree = "<group>"; };
		542DDFDE29C66421006C7801 /* SceneDelegate.swift */ = {isa = PBXFileReference; lastKnownFileType = sourcecode.swift; path = SceneDelegate.swift; sourceTree = "<group>"; };
		542DDFE029C66421006C7801 /* ViewController.swift */ = {isa = PBXFileReference; lastKnownFileType = sourcecode.swift; path = ViewController.swift; sourceTree = "<group>"; };
		542DDFE329C66421006C7801 /* Base */ = {isa = PBXFileReference; lastKnownFileType = file.storyboard; name = Base; path = Base.lproj/Main.storyboard; sourceTree = "<group>"; };
		542DDFE529C66422006C7801 /* Assets.xcassets */ = {isa = PBXFileReference; lastKnownFileType = folder.assetcatalog; path = Assets.xcassets; sourceTree = "<group>"; };
		542DDFE829C66422006C7801 /* Base */ = {isa = PBXFileReference; lastKnownFileType = file.storyboard; name = Base; path = Base.lproj/LaunchScreen.storyboard; sourceTree = "<group>"; };
		542DDFEA29C66422006C7801 /* Info.plist */ = {isa = PBXFileReference; lastKnownFileType = text.plist.xml; path = Info.plist; sourceTree = "<group>"; };
		542DDFF329C678A9006C7801 /* Constants.swift */ = {isa = PBXFileReference; lastKnownFileType = sourcecode.swift; path = Constants.swift; sourceTree = "<group>"; };
		B7CE5E83D8BD9A66CA7D5BC1 /* Pods-MidtermAPICall.debug.xcconfig */ = {isa = PBXFileReference; includeInIndex = 1; lastKnownFileType = text.xcconfig; name = "Pods-MidtermAPICall.debug.xcconfig"; path = "Target Support Files/Pods-MidtermAPICall/Pods-MidtermAPICall.debug.xcconfig"; sourceTree = "<group>"; };
		F3C83FFACDFA34D0E02B5EF8 /* Pods-MidtermAPICall.release.xcconfig */ = {isa = PBXFileReference; includeInIndex = 1; lastKnownFileType = text.xcconfig; name = "Pods-MidtermAPICall.release.xcconfig"; path = "Target Support Files/Pods-MidtermAPICall/Pods-MidtermAPICall.release.xcconfig"; sourceTree = "<group>"; };
/* End PBXFileReference section */

/* Begin PBXFrameworksBuildPhase section */
		542DDFD629C66421006C7801 /* Frameworks */ = {
			isa = PBXFrameworksBuildPhase;
			buildActionMask = 2147483647;
			files = (
				3170557C4315638BA55D2C2F /* Pods_MidtermAPICall.framework in Frameworks */,
			);
			runOnlyForDeploymentPostprocessing = 0;
		};
/* End PBXFrameworksBuildPhase section */

/* Begin PBXGroup section */
		542DDFD029C66421006C7801 = {
			isa = PBXGroup;
			children = (
				542DDFDB29C66421006C7801 /* MidtermAPICall */,
				542DDFDA29C66421006C7801 /* Products */,
				CA18BBD75DBAD5833F862CD2 /* Pods */,
				A983DBF3FA00E03F35ADA2B1 /* Frameworks */,
			);
			sourceTree = "<group>";
		};
		542DDFDA29C66421006C7801 /* Products */ = {
			isa = PBXGroup;
			children = (
				542DDFD929C66421006C7801 /* MidtermAPICall.app */,
			);
			name = Products;
			sourceTree = "<group>";
		};
		542DDFDB29C66421006C7801 /* MidtermAPICall */ = {
			isa = PBXGroup;
			children = (
				542DDFF229C67890006C7801 /* Utils */,
				542DDFDC29C66421006C7801 /* AppDelegate.swift */,
				542DDFDE29C66421006C7801 /* SceneDelegate.swift */,
				542DDFE029C66421006C7801 /* ViewController.swift */,
				542DDFE229C66421006C7801 /* Main.storyboard */,
				542DDFE529C66422006C7801 /* Assets.xcassets */,
				542DDFE729C66422006C7801 /* LaunchScreen.storyboard */,
				542DDFEA29C66422006C7801 /* Info.plist */,
			);
			path = MidtermAPICall;
			sourceTree = "<group>";
		};
		542DDFF229C67890006C7801 /* Utils */ = {
			isa = PBXGroup;
			children = (
				542DDFF329C678A9006C7801 /* Constants.swift */,
			);
			path = Utils;
			sourceTree = "<group>";
		};
		A983DBF3FA00E03F35ADA2B1 /* Frameworks */ = {
			isa = PBXGroup;
			children = (
				0AC79BB2C8E0F022F1644F67 /* Pods_MidtermAPICall.framework */,
			);
			name = Frameworks;
			sourceTree = "<group>";
		};
		CA18BBD75DBAD5833F862CD2 /* Pods */ = {
			isa = PBXGroup;
			children = (
				B7CE5E83D8BD9A66CA7D5BC1 /* Pods-MidtermAPICall.debug.xcconfig */,
				F3C83FFACDFA34D0E02B5EF8 /* Pods-MidtermAPICall.release.xcconfig */,
			);
			name = Pods;
			path = Pods;
			sourceTree = "<group>";
		};
/* End PBXGroup section */

/* Begin PBXNativeTarget section */
		542DDFD829C66421006C7801 /* MidtermAPICall */ = {
			isa = PBXNativeTarget;
			buildConfigurationList = 542DDFED29C66422006C7801 /* Build configuration list for PBXNativeTarget "MidtermAPICall" */;
			buildPhases = (
				F6F7A0FC7A0088ED5845C64F /* [CP] Check Pods Manifest.lock */,
				542DDFD529C66421006C7801 /* Sources */,
				542DDFD629C66421006C7801 /* Frameworks */,
				542DDFD729C66421006C7801 /* Resources */,
				F21C640486A621AC29C48D8A /* [CP] Embed Pods Frameworks */,
			);
			buildRules = (
			);
			dependencies = (
			);
			name = MidtermAPICall;
			productName = MidtermAPICall;
			productReference = 542DDFD929C66421006C7801 /* MidtermAPICall.app */;
			productType = "com.apple.product-type.application";
		};
/* End PBXNativeTarget section */

/* Begin PBXProject section */
		542DDFD129C66421006C7801 /* Project object */ = {
			isa = PBXProject;
			attributes = {
				BuildIndependentTargetsInParallel = 1;
				LastSwiftUpdateCheck = 1420;
				LastUpgradeCheck = 1420;
				TargetAttributes = {
					542DDFD829C66421006C7801 = {
						CreatedOnToolsVersion = 14.2;
					};
				};
			};
			buildConfigurationList = 542DDFD429C66421006C7801 /* Build configuration list for PBXProject "MidtermAPICall" */;
			compatibilityVersion = "Xcode 14.0";
			developmentRegion = en;
			hasScannedForEncodings = 0;
			knownRegions = (
				en,
				Base,
			);
			mainGroup = 542DDFD029C66421006C7801;
			productRefGroup = 542DDFDA29C66421006C7801 /* Products */;
			projectDirPath = "";
			projectRoot = "";
			targets = (
				542DDFD829C66421006C7801 /* MidtermAPICall */,
			);
		};
/* End PBXProject section */

/* Begin PBXResourcesBuildPhase section */
		542DDFD729C66421006C7801 /* Resources */ = {
			isa = PBXResourcesBuildPhase;
			buildActionMask = 2147483647;
			files = (
				542DDFE929C66422006C7801 /* LaunchScreen.storyboard in Resources */,
				542DDFE629C66422006C7801 /* Assets.xcassets in Resources */,
				542DDFE429C66421006C7801 /* Main.storyboard in Resources */,
			);
			runOnlyForDeploymentPostprocessing = 0;
		};
/* End PBXResourcesBuildPhase section */

/* Begin PBXShellScriptBuildPhase section */
		F21C640486A621AC29C48D8A /* [CP] Embed Pods Frameworks */ = {
			isa = PBXShellScriptBuildPhase;
			buildActionMask = 2147483647;
			files = (
			);
			inputFileListPaths = (
				"${PODS_ROOT}/Target Support Files/Pods-MidtermAPICall/Pods-MidtermAPICall-frameworks-${CONFIGURATION}-input-files.xcfilelist",
			);
			name = "[CP] Embed Pods Frameworks";
			outputFileListPaths = (
				"${PODS_ROOT}/Target Support Files/Pods-MidtermAPICall/Pods-MidtermAPICall-frameworks-${CONFIGURATION}-output-files.xcfilelist",
			);
			runOnlyForDeploymentPostprocessing = 0;
			shellPath = /bin/sh;
			shellScript = "\"${PODS_ROOT}/Target Support Files/Pods-MidtermAPICall/Pods-MidtermAPICall-frameworks.sh\"\n";
			showEnvVarsInLog = 0;
		};
		F6F7A0FC7A0088ED5845C64F /* [CP] Check Pods Manifest.lock */ = {
			isa = PBXShellScriptBuildPhase;
			buildActionMask = 2147483647;
			files = (
			);
			inputFileListPaths = (
			);
			inputPaths = (
				"${PODS_PODFILE_DIR_PATH}/Podfile.lock",
				"${PODS_ROOT}/Manifest.lock",
			);
			name = "[CP] Check Pods Manifest.lock";
			outputFileListPaths = (
			);
			outputPaths = (
				"$(DERIVED_FILE_DIR)/Pods-MidtermAPICall-checkManifestLockResult.txt",
			);
			runOnlyForDeploymentPostprocessing = 0;
			shellPath = /bin/sh;
			shellScript = "diff \"${PODS_PODFILE_DIR_PATH}/Podfile.lock\" \"${PODS_ROOT}/Manifest.lock\" > /dev/null\nif [ $? != 0 ] ; then\n    # print error to STDERR\n    echo \"error: The sandbox is not in sync with the Podfile.lock. Run 'pod install' or update your CocoaPods installation.\" >&2\n    exit 1\nfi\n# This output is used by Xcode 'outputs' to avoid re-running this script phase.\necho \"SUCCESS\" > \"${SCRIPT_OUTPUT_FILE_0}\"\n";
			showEnvVarsInLog = 0;
		};
/* End PBXShellScriptBuildPhase section */

/* Begin PBXSourcesBuildPhase section */
		542DDFD529C66421006C7801 /* Sources */ = {
			isa = PBXSourcesBuildPhase;
			buildActionMask = 2147483647;
			files = (
				542DDFE129C66421006C7801 /* ViewController.swift in Sources */,
				542DDFDD29C66421006C7801 /* AppDelegate.swift in Sources */,
				542DDFDF29C66421006C7801 /* SceneDelegate.swift in Sources */,
				542DDFF429C678A9006C7801 /* Constants.swift in Sources */,
			);
			runOnlyForDeploymentPostprocessing = 0;
		};
/* End PBXSourcesBuildPhase section */

/* Begin PBXVariantGroup section */
		542DDFE229C66421006C7801 /* Main.storyboard */ = {
			isa = PBXVariantGroup;
			children = (
				542DDFE329C66421006C7801 /* Base */,
			);
			name = Main.storyboard;
			sourceTree = "<group>";
		};
		542DDFE729C66422006C7801 /* LaunchScreen.storyboard */ = {
			isa = PBXVariantGroup;
			children = (
				542DDFE829C66422006C7801 /* Base */,
			);
			name = LaunchScreen.storyboard;
			sourceTree = "<group>";
		};
/* End PBXVariantGroup section */

/* Begin XCBuildConfiguration section */
		542DDFEB29C66422006C7801 /* Debug */ = {
			isa = XCBuildConfiguration;
			buildSettings = {
				ALWAYS_SEARCH_USER_PATHS = NO;
				CLANG_ANALYZER_NONNULL = YES;
				CLANG_ANALYZER_NUMBER_OBJECT_CONVERSION = YES_AGGRESSIVE;
				CLANG_CXX_LANGUAGE_STANDARD = "gnu++20";
				CLANG_ENABLE_MODULES = YES;
				CLANG_ENABLE_OBJC_ARC = YES;
				CLANG_ENABLE_OBJC_WEAK = YES;
				CLANG_WARN_BLOCK_CAPTURE_AUTORELEASING = YES;
				CLANG_WARN_BOOL_CONVERSION = YES;
				CLANG_WARN_COMMA = YES;
				CLANG_WARN_CONSTANT_CONVERSION = YES;
				CLANG_WARN_DEPRECATED_OBJC_IMPLEMENTATIONS = YES;
				CLANG_WARN_DIRECT_OBJC_ISA_USAGE = YES_ERROR;
				CLANG_WARN_DOCUMENTATION_COMMENTS = YES;
				CLANG_WARN_EMPTY_BODY = YES;
				CLANG_WARN_ENUM_CONVERSION = YES;
				CLANG_WARN_INFINITE_RECURSION = YES;
				CLANG_WARN_INT_CONVERSION = YES;
				CLANG_WARN_NON_LITERAL_NULL_CONVERSION = YES;
				CLANG_WARN_OBJC_IMPLICIT_RETAIN_SELF = YES;
				CLANG_WARN_OBJC_LITERAL_CONVERSION = YES;
				CLANG_WARN_OBJC_ROOT_CLASS = YES_ERROR;
				CLANG_WARN_QUOTED_INCLUDE_IN_FRAMEWORK_HEADER = YES;
				CLANG_WARN_RANGE_LOOP_ANALYSIS = YES;
				CLANG_WARN_STRICT_PROTOTYPES = YES;
				CLANG_WARN_SUSPICIOUS_MOVE = YES;
				CLANG_WARN_UNGUARDED_AVAILABILITY = YES_AGGRESSIVE;
				CLANG_WARN_UNREACHABLE_CODE = YES;
				CLANG_WARN__DUPLICATE_METHOD_MATCH = YES;
				COPY_PHASE_STRIP = NO;
				DEBUG_INFORMATION_FORMAT = dwarf;
				ENABLE_STRICT_OBJC_MSGSEND = YES;
				ENABLE_TESTABILITY = YES;
				GCC_C_LANGUAGE_STANDARD = gnu11;
				GCC_DYNAMIC_NO_PIC = NO;
				GCC_NO_COMMON_BLOCKS = YES;
				GCC_OPTIMIZATION_LEVEL = 0;
				GCC_PREPROCESSOR_DEFINITIONS = (
					"DEBUG=1",
					"$(inherited)",
				);
				GCC_WARN_64_TO_32_BIT_CONVERSION = YES;
				GCC_WARN_ABOUT_RETURN_TYPE = YES_ERROR;
				GCC_WARN_UNDECLARED_SELECTOR = YES;
				GCC_WARN_UNINITIALIZED_AUTOS = YES_AGGRESSIVE;
				GCC_WARN_UNUSED_FUNCTION = YES;
				GCC_WARN_UNUSED_VARIABLE = YES;
				IPHONEOS_DEPLOYMENT_TARGET = 16.2;
				MTL_ENABLE_DEBUG_INFO = INCLUDE_SOURCE;
				MTL_FAST_MATH = YES;
				ONLY_ACTIVE_ARCH = YES;
				SDKROOT = iphoneos;
				SWIFT_ACTIVE_COMPILATION_CONDITIONS = DEBUG;
				SWIFT_OPTIMIZATION_LEVEL = "-Onone";
			};
			name = Debug;
		};
		542DDFEC29C66422006C7801 /* Release */ = {
			isa = XCBuildConfiguration;
			buildSettings = {
				ALWAYS_SEARCH_USER_PATHS = NO;
				CLANG_ANALYZER_NONNULL = YES;
				CLANG_ANALYZER_NUMBER_OBJECT_CONVERSION = YES_AGGRESSIVE;
				CLANG_CXX_LANGUAGE_STANDARD = "gnu++20";
				CLANG_ENABLE_MODULES = YES;
				CLANG_ENABLE_OBJC_ARC = YES;
				CLANG_ENABLE_OBJC_WEAK = YES;
				CLANG_WARN_BLOCK_CAPTURE_AUTORELEASING = YES;
				CLANG_WARN_BOOL_CONVERSION = YES;
				CLANG_WARN_COMMA = YES;
				CLANG_WARN_CONSTANT_CONVERSION = YES;
				CLANG_WARN_DEPRECATED_OBJC_IMPLEMENTATIONS = YES;
				CLANG_WARN_DIRECT_OBJC_ISA_USAGE = YES_ERROR;
				CLANG_WARN_DOCUMENTATION_COMMENTS = YES;
				CLANG_WARN_EMPTY_BODY = YES;
				CLANG_WARN_ENUM_CONVERSION = YES;
				CLANG_WARN_INFINITE_RECURSION = YES;
				CLANG_WARN_INT_CONVERSION = YES;
				CLANG_WARN_NON_LITERAL_NULL_CONVERSION = YES;
				CLANG_WARN_OBJC_IMPLICIT_RETAIN_SELF = YES;
				CLANG_WARN_OBJC_LITERAL_CONVERSION = YES;
				CLANG_WARN_OBJC_ROOT_CLASS = YES_ERROR;
				CLANG_WARN_QUOTED_INCLUDE_IN_FRAMEWORK_HEADER = YES;
				CLANG_WARN_RANGE_LOOP_ANALYSIS = YES;
				CLANG_WARN_STRICT_PROTOTYPES = YES;
				CLANG_WARN_SUSPICIOUS_MOVE = YES;
				CLANG_WARN_UNGUARDED_AVAILABILITY = YES_AGGRESSIVE;
				CLANG_WARN_UNREACHABLE_CODE = YES;
				CLANG_WARN__DUPLICATE_METHOD_MATCH = YES;
				COPY_PHASE_STRIP = NO;
				DEBUG_INFORMATION_FORMAT = "dwarf-with-dsym";
				ENABLE_NS_ASSERTIONS = NO;
				ENABLE_STRICT_OBJC_MSGSEND = YES;
				GCC_C_LANGUAGE_STANDARD = gnu11;
				GCC_NO_COMMON_BLOCKS = YES;
				GCC_WARN_64_TO_32_BIT_CONVERSION = YES;
				GCC_WARN_ABOUT_RETURN_TYPE = YES_ERROR;
				GCC_WARN_UNDECLARED_SELECTOR = YES;
				GCC_WARN_UNINITIALIZED_AUTOS = YES_AGGRESSIVE;
				GCC_WARN_UNUSED_FUNCTION = YES;
				GCC_WARN_UNUSED_VARIABLE = YES;
				IPHONEOS_DEPLOYMENT_TARGET = 16.2;
				MTL_ENABLE_DEBUG_INFO = NO;
				MTL_FAST_MATH = YES;
				SDKROOT = iphoneos;
				SWIFT_COMPILATION_MODE = wholemodule;
				SWIFT_OPTIMIZATION_LEVEL = "-O";
				VALIDATE_PRODUCT = YES;
			};
			name = Release;
		};
		542DDFEE29C66422006C7801 /* Debug */ = {
			isa = XCBuildConfiguration;
			baseConfigurationReference = B7CE5E83D8BD9A66CA7D5BC1 /* Pods-MidtermAPICall.debug.xcconfig */;
			buildSettings = {
				ASSETCATALOG_COMPILER_APPICON_NAME = AppIcon;
				ASSETCATALOG_COMPILER_GLOBAL_ACCENT_COLOR_NAME = AccentColor;
				CODE_SIGN_STYLE = Automatic;
				CURRENT_PROJECT_VERSION = 1;
				GENERATE_INFOPLIST_FILE = YES;
				INFOPLIST_FILE = MidtermAPICall/Info.plist;
				INFOPLIST_KEY_UIApplicationSupportsIndirectInputEvents = YES;
				INFOPLIST_KEY_UILaunchStoryboardName = LaunchScreen;
				INFOPLIST_KEY_UIMainStoryboardFile = Main;
				INFOPLIST_KEY_UISupportedInterfaceOrientations_iPad = "UIInterfaceOrientationPortrait UIInterfaceOrientationPortraitUpsideDown UIInterfaceOrientationLandscapeLeft UIInterfaceOrientationLandscapeRight";
				INFOPLIST_KEY_UISupportedInterfaceOrientations_iPhone = "UIInterfaceOrientationPortrait UIInterfaceOrientationLandscapeLeft UIInterfaceOrientationLandscapeRight";
				LD_RUNPATH_SEARCH_PATHS = (
					"$(inherited)",
					"@executable_path/Frameworks",
				);
				MARKETING_VERSION = 1.0;
				PRODUCT_BUNDLE_IDENTIFIER = edu.northeastern.qianli.MidtermAPICall;
				PRODUCT_NAME = "$(TARGET_NAME)";
				SWIFT_EMIT_LOC_STRINGS = YES;
				SWIFT_VERSION = 5.0;
				TARGETED_DEVICE_FAMILY = "1,2";
			};
			name = Debug;
		};
		542DDFEF29C66422006C7801 /* Release */ = {
			isa = XCBuildConfiguration;
			baseConfigurationReference = F3C83FFACDFA34D0E02B5EF8 /* Pods-MidtermAPICall.release.xcconfig */;
			buildSettings = {
				ASSETCATALOG_COMPILER_APPICON_NAME = AppIcon;
				ASSETCATALOG_COMPILER_GLOBAL_ACCENT_COLOR_NAME = AccentColor;
				CODE_SIGN_STYLE = Automatic;
				CURRENT_PROJECT_VERSION = 1;
				GENERATE_INFOPLIST_FILE = YES;
				INFOPLIST_FILE = MidtermAPICall/Info.plist;
				INFOPLIST_KEY_UIApplicationSupportsIndirectInputEvents = YES;
				INFOPLIST_KEY_UILaunchStoryboardName = LaunchScreen;
				INFOPLIST_KEY_UIMainStoryboardFile = Main;
				INFOPLIST_KEY_UISupportedInterfaceOrientations_iPad = "UIInterfaceOrientationPortrait UIInterfaceOrientationPortraitUpsideDown UIInterfaceOrientationLandscapeLeft UIInterfaceOrientationLandscapeRight";
				INFOPLIST_KEY_UISupportedInterfaceOrientations_iPhone = "UIInterfaceOrientationPortrait UIInterfaceOrientationLandscapeLeft UIInterfaceOrientationLandscapeRight";
				LD_RUNPATH_SEARCH_PATHS = (
					"$(inherited)",
					"@executable_path/Frameworks",
				);
				MARKETING_VERSION = 1.0;
				PRODUCT_BUNDLE_IDENTIFIER = edu.northeastern.qianli.MidtermAPICall;
				PRODUCT_NAME = "$(TARGET_NAME)";
				SWIFT_EMIT_LOC_STRINGS = YES;
				SWIFT_VERSION = 5.0;
				TARGETED_DEVICE_FAMILY = "1,2";
			};
			name = Release;
		};
/* End XCBuildConfiguration section */

/* Begin XCConfigurationList section */
		542DDFD429C66421006C7801 /* Build configuration list for PBXProject "MidtermAPICall" */ = {
			isa = XCConfigurationList;
			buildConfigurations = (
				542DDFEB29C66422006C7801 /* Debug */,
				542DDFEC29C66422006C7801 /* Release */,
			);
			defaultConfigurationIsVisible = 0;
			defaultConfigurationName = Release;
		};
		542DDFED29C66422006C7801 /* Build configuration list for PBXNativeTarget "MidtermAPICall" */ = {
			isa = XCConfigurationList;
			buildConfigurations = (
				542DDFEE29C66422006C7801 /* Debug */,
				542DDFEF29C66422006C7801 /* Release */,
			);
			defaultConfigurationIsVisible = 0;
			defaultConfigurationName = Release;
		};
/* End XCConfigurationList section */
	};
	rootObject = 542DDFD129C66421006C7801 /* Project object */;
}
